{
  "name": "03-frontend",
  "lockfileVersion": 3,
  "requires": true,
  "packages": {
    "": {
      "dependencies": {
        "lottie-web": "^5.12.0",
        "ngx-lottie": "^10.0.0",
        "sweetalert2": "^11.7.12"
      }
    },
    "node_modules/@angular/core": {
      "version": "16.0.4",
      "resolved": "https://registry.npmjs.org/@angular/core/-/core-16.0.4.tgz",
      "integrity": "sha512-Lp/qGJt0NFFTKQHofaMjCdGYfVwGCyhBtcbioaTqi1wA5OwXfMZX5MgHZXl1KlnZs1YVqM8vO/Z/4kOxgYXvNQ==",
      "peer": true,
      "dependencies": {
        "tslib": "^2.3.0"
      },
      "engines": {
        "node": "^16.14.0 || >=18.10.0"
      },
      "peerDependencies": {
        "rxjs": "^6.5.3 || ^7.4.0",
        "zone.js": "~0.13.0"
      }
    },
    "node_modules/@scarf/scarf": {
      "version": "1.1.1",
      "resolved": "https://registry.npmjs.org/@scarf/scarf/-/scarf-1.1.1.tgz",
      "integrity": "sha512-VGbKDbk1RFIaSmdVb0cNjjWJoRWRI/Weo23AjRCC2nryO0iAS8pzsToJfPVPtVs74WHw4L1UTADNdIYRLkirZQ==",
      "hasInstallScript": true
    },
    "node_modules/lottie-web": {
      "version": "5.12.0",
      "resolved": "https://registry.npmjs.org/lottie-web/-/lottie-web-5.12.0.tgz",
      "integrity": "sha512-tt2oiv0EmXC8J/RF877dVCo93vZBBnww+SO6dldREgHD8EsP97jQ42JRryIRfY+6aVESQsHYNEAYgH25cBFy7A=="
    },
    "node_modules/ngx-lottie": {
      "version": "10.0.0",
      "resolved": "https://registry.npmjs.org/ngx-lottie/-/ngx-lottie-10.0.0.tgz",
      "integrity": "sha512-8a0ufv13+o1cLR25SQ4N731rxD9nIA7F1jyo3l/jbUlRnrlcF5heFqWyTYnRf4BG0LQ4URuybN/nr+xbGT1W9Q==",
      "dependencies": {
        "@scarf/scarf": "^1.1.1",
        "tslib": "^2.3.0"
      },
      "peerDependencies": {
        "@angular/core": ">=15",
        "lottie-web": ">=5.9.2"
      }
    },
    "node_modules/rxjs": {
      "version": "7.8.1",
      "resolved": "https://registry.npmjs.org/rxjs/-/rxjs-7.8.1.tgz",
      "integrity": "sha512-AA3TVj+0A2iuIoQkWEK/tqFjBq2j+6PO6Y0zJcvzLAFhEFIO3HL0vls9hWLncZbAAbK0mar7oZ4V079I/qPMxg==",
      "peer": true,
      "dependencies": {
        "tslib": "^2.1.0"
      }
    },
    "node_modules/sweetalert2": {
      "version": "11.7.12",
      "resolved": "https://registry.npmjs.org/sweetalert2/-/sweetalert2-11.7.12.tgz",
      "integrity": "sha512-TQJy8mQymJLzqWPQOMQErd81Zd/rSYr0UL4pEc7bqEihtjS+zt7LWJXLhfPp93e+Hf3Z2FHMB6QGNskAMCsdTg==",
      "funding": {
        "type": "individual",
        "url": "https://github.com/sponsors/limonte"
      }
    },
    "node_modules/tslib": {
      "version": "2.5.3",
      "resolved": "https://registry.npmjs.org/tslib/-/tslib-2.5.3.tgz",
      "integrity": "sha512-mSxlJJwl3BMEQCUNnxXBU9jP4JBktcEGhURcPR6VQVlnP0FdDEsIaz0C35dXNGLyRfrATNofF0F5p2KPxQgB+w=="
    },
    "node_modules/zone.js": {
      "version": "0.13.0",
      "resolved": "https://registry.npmjs.org/zone.js/-/zone.js-0.13.0.tgz",
      "integrity": "sha512-7m3hNNyswsdoDobCkYNAy5WiUulkMd3+fWaGT9ij6iq3Zr/IwJo4RMCYPSDjT+r7tnPErmY9sZpKhWQ8S5k6XQ==",
      "peer": true,
      "dependencies": {
        "tslib": "^2.3.0"
      }
    }
  }
}
